{
  "name": "qr-cli",
  "version": "1.1.0",
  "lockfileVersion": 1,
  "requires": true,
  "dependencies": {
    "qr-encoder": {
      "version": "1.1.1",
      "resolved": "https://registry.npmjs.org/qr-encoder/-/qr-encoder-1.1.1.tgz",
      "integrity": "sha1-2X9K9YyuNPtxLZ4WvqngL1uvElo="
    }
  }
}
